
Microsoft Visual Studio Solution File, Format Version 12.00
# Visual Studio Version 17
VisualStudioVersion = 17.0.31919.166
MinimumVisualStudioVersion = 10.0.40219.1
Project("{FAE04EC0-301F-11D3-BF4B-00C04F79EFBC}") = "Homework10_TelegramBot_WPF", "Homework10_TelegramBot_WPF\Homework10_TelegramBot_WPF.csproj", "{B0C0F28C-AA8E-4B5E-98B2-5DE46A729C9D}"
EndProject
Global
	GlobalSection(SolutionConfigurationPlatforms) = preSolution
		Debug|Any CPU = Debug|Any CPU
		Release|Any CPU = Release|Any CPU
	EndGlobalSection
	GlobalSection(ProjectConfigurationPlatforms) = postSolution
		{B0C0F28C-AA8E-4B5E-98B2-5DE46A729C9D}.Debug|Any CPU.ActiveCfg = Debug|Any CPU
		{B0C0F28C-AA8E-4B5E-98B2-5DE46A729C9D}.Debug|Any CPU.Build.0 = Debug|Any CPU
		{B0C0F28C-AA8E-4B5E-98B2-5DE46A729C9D}.Release|Any CPU.ActiveCfg = Release|Any CPU
		{B0C0F28C-AA8E-4B5E-98B2-5DE46A729C9D}.Release|Any CPU.Build.0 = Release|Any CPU
	EndGlobalSection
	GlobalSection(SolutionProperties) = preSolution
		HideSolutionNode = FALSE
	EndGlobalSection
	GlobalSection(ExtensibilityGlobals) = postSolution
		SolutionGuid = {853FF4EF-35C8-4D20-94D3-F5205462F0A3}
	EndGlobalSection
EndGlobal
